
Microsoft Visual Studio Solution File, Format Version 12.00
# Visual Studio Version 17
VisualStudioVersion = 17.7.34202.233
MinimumVisualStudioVersion = 10.0.40219.1
Project("{FAE04EC0-301F-11D3-BF4B-00C04F79EFBC}") = "cookieklicker2", "cookieklicker2\cookieklicker2.csproj", "{4532B55B-9755-4D75-9D21-AC08AF4BAB97}"
EndProject
Global
	GlobalSection(SolutionConfigurationPlatforms) = preSolution
		Debug|Any CPU = Debug|Any CPU
		Release|Any CPU = Release|Any CPU
	EndGlobalSection
	GlobalSection(ProjectConfigurationPlatforms) = postSolution
		{4532B55B-9755-4D75-9D21-AC08AF4BAB97}.Debug|Any CPU.ActiveCfg = Debug|Any CPU
		{4532B55B-9755-4D75-9D21-AC08AF4BAB97}.Debug|Any CPU.Build.0 = Debug|Any CPU
		{4532B55B-9755-4D75-9D21-AC08AF4BAB97}.Release|Any CPU.ActiveCfg = Release|Any CPU
		{4532B55B-9755-4D75-9D21-AC08AF4BAB97}.Release|Any CPU.Build.0 = Release|Any CPU
	EndGlobalSection
	GlobalSection(SolutionProperties) = preSolution
		HideSolutionNode = FALSE
	EndGlobalSection
	GlobalSection(ExtensibilityGlobals) = postSolution
		SolutionGuid = {5EB95966-A9E7-4195-AA29-8AE244E72F35}
	EndGlobalSection
EndGlobal
